
Microsoft Visual Studio Solution File, Format Version 12.00
# Visual Studio Version 16
VisualStudioVersion = 16.0.30804.86
MinimumVisualStudioVersion = 10.0.40219.1
Project("{8BC9CEB8-8B4A-11D0-8D11-00A0C91BC942}") = "15.쿠키상점", "15.쿠키상점\15.쿠키상점.vcxproj", "{48C84338-1A28-40CF-8DC6-6069A1009148}"
EndProject
Global
	GlobalSection(SolutionConfigurationPlatforms) = preSolution
		Debug|x64 = Debug|x64
		Debug|x86 = Debug|x86
		Release|x64 = Release|x64
		Release|x86 = Release|x86
	EndGlobalSection
	GlobalSection(ProjectConfigurationPlatforms) = postSolution
		{48C84338-1A28-40CF-8DC6-6069A1009148}.Debug|x64.ActiveCfg = Debug|x64
		{48C84338-1A28-40CF-8DC6-6069A1009148}.Debug|x64.Build.0 = Debug|x64
		{48C84338-1A28-40CF-8DC6-6069A1009148}.Debug|x86.ActiveCfg = Debug|Win32
		{48C84338-1A28-40CF-8DC6-6069A1009148}.Debug|x86.Build.0 = Debug|Win32
		{48C84338-1A28-40CF-8DC6-6069A1009148}.Release|x64.ActiveCfg = Release|x64
		{48C84338-1A28-40CF-8DC6-6069A1009148}.Release|x64.Build.0 = Release|x64
		{48C84338-1A28-40CF-8DC6-6069A1009148}.Release|x86.ActiveCfg = Release|Win32
		{48C84338-1A28-40CF-8DC6-6069A1009148}.Release|x86.Build.0 = Release|Win32
	EndGlobalSection
	GlobalSection(SolutionProperties) = preSolution
		HideSolutionNode = FALSE
	EndGlobalSection
	GlobalSection(ExtensibilityGlobals) = postSolution
		SolutionGuid = {29C8B5E5-7B2D-4661-8AE3-2F101447EA1F}
	EndGlobalSection
EndGlobal
