
Microsoft Visual Studio Solution File, Format Version 12.00
# Visual Studio Version 16
VisualStudioVersion = 16.0.30804.86
MinimumVisualStudioVersion = 10.0.40219.1
Project("{8BC9CEB8-8B4A-11D0-8D11-00A0C91BC942}") = "12.와일드카드", "12.와일드카드\12.와일드카드.vcxproj", "{D21DF6C9-4358-4460-B900-0E9F87D788F2}"
EndProject
Global
	GlobalSection(SolutionConfigurationPlatforms) = preSolution
		Debug|x64 = Debug|x64
		Debug|x86 = Debug|x86
		Release|x64 = Release|x64
		Release|x86 = Release|x86
	EndGlobalSection
	GlobalSection(ProjectConfigurationPlatforms) = postSolution
		{D21DF6C9-4358-4460-B900-0E9F87D788F2}.Debug|x64.ActiveCfg = Debug|x64
		{D21DF6C9-4358-4460-B900-0E9F87D788F2}.Debug|x64.Build.0 = Debug|x64
		{D21DF6C9-4358-4460-B900-0E9F87D788F2}.Debug|x86.ActiveCfg = Debug|Win32
		{D21DF6C9-4358-4460-B900-0E9F87D788F2}.Debug|x86.Build.0 = Debug|Win32
		{D21DF6C9-4358-4460-B900-0E9F87D788F2}.Release|x64.ActiveCfg = Release|x64
		{D21DF6C9-4358-4460-B900-0E9F87D788F2}.Release|x64.Build.0 = Release|x64
		{D21DF6C9-4358-4460-B900-0E9F87D788F2}.Release|x86.ActiveCfg = Release|Win32
		{D21DF6C9-4358-4460-B900-0E9F87D788F2}.Release|x86.Build.0 = Release|Win32
	EndGlobalSection
	GlobalSection(SolutionProperties) = preSolution
		HideSolutionNode = FALSE
	EndGlobalSection
	GlobalSection(ExtensibilityGlobals) = postSolution
		SolutionGuid = {A01D22AB-796F-401B-B74C-C6869D53CF01}
	EndGlobalSection
EndGlobal
