
Microsoft Visual Studio Solution File, Format Version 12.00
# Visual Studio Version 16
VisualStudioVersion = 16.0.30804.86
MinimumVisualStudioVersion = 10.0.40219.1
Project("{8BC9CEB8-8B4A-11D0-8D11-00A0C91BC942}") = "메일서버", "메일서버\메일서버.vcxproj", "{C67E7438-E559-407D-A0AF-FBF383B72806}"
EndProject
Global
	GlobalSection(SolutionConfigurationPlatforms) = preSolution
		Debug|x64 = Debug|x64
		Debug|x86 = Debug|x86
		Release|x64 = Release|x64
		Release|x86 = Release|x86
	EndGlobalSection
	GlobalSection(ProjectConfigurationPlatforms) = postSolution
		{C67E7438-E559-407D-A0AF-FBF383B72806}.Debug|x64.ActiveCfg = Debug|x64
		{C67E7438-E559-407D-A0AF-FBF383B72806}.Debug|x64.Build.0 = Debug|x64
		{C67E7438-E559-407D-A0AF-FBF383B72806}.Debug|x86.ActiveCfg = Debug|Win32
		{C67E7438-E559-407D-A0AF-FBF383B72806}.Debug|x86.Build.0 = Debug|Win32
		{C67E7438-E559-407D-A0AF-FBF383B72806}.Release|x64.ActiveCfg = Release|x64
		{C67E7438-E559-407D-A0AF-FBF383B72806}.Release|x64.Build.0 = Release|x64
		{C67E7438-E559-407D-A0AF-FBF383B72806}.Release|x86.ActiveCfg = Release|Win32
		{C67E7438-E559-407D-A0AF-FBF383B72806}.Release|x86.Build.0 = Release|Win32
	EndGlobalSection
	GlobalSection(SolutionProperties) = preSolution
		HideSolutionNode = FALSE
	EndGlobalSection
	GlobalSection(ExtensibilityGlobals) = postSolution
		SolutionGuid = {53EF859A-B3DE-425B-943A-DB9BFFE4C11C}
	EndGlobalSection
EndGlobal
