
Microsoft Visual Studio Solution File, Format Version 12.00
# Visual Studio Version 16
VisualStudioVersion = 16.0.31424.327
MinimumVisualStudioVersion = 10.0.40219.1
Project("{8BC9CEB8-8B4A-11D0-8D11-00A0C91BC942}") = "19.인플레이션", "19.인플레이션\19.인플레이션.vcxproj", "{C9AA7192-14D1-43DF-AB59-2550B57F546F}"
EndProject
Global
	GlobalSection(SolutionConfigurationPlatforms) = preSolution
		Debug|x64 = Debug|x64
		Debug|x86 = Debug|x86
		Release|x64 = Release|x64
		Release|x86 = Release|x86
	EndGlobalSection
	GlobalSection(ProjectConfigurationPlatforms) = postSolution
		{C9AA7192-14D1-43DF-AB59-2550B57F546F}.Debug|x64.ActiveCfg = Debug|x64
		{C9AA7192-14D1-43DF-AB59-2550B57F546F}.Debug|x64.Build.0 = Debug|x64
		{C9AA7192-14D1-43DF-AB59-2550B57F546F}.Debug|x86.ActiveCfg = Debug|Win32
		{C9AA7192-14D1-43DF-AB59-2550B57F546F}.Debug|x86.Build.0 = Debug|Win32
		{C9AA7192-14D1-43DF-AB59-2550B57F546F}.Release|x64.ActiveCfg = Release|x64
		{C9AA7192-14D1-43DF-AB59-2550B57F546F}.Release|x64.Build.0 = Release|x64
		{C9AA7192-14D1-43DF-AB59-2550B57F546F}.Release|x86.ActiveCfg = Release|Win32
		{C9AA7192-14D1-43DF-AB59-2550B57F546F}.Release|x86.Build.0 = Release|Win32
	EndGlobalSection
	GlobalSection(SolutionProperties) = preSolution
		HideSolutionNode = FALSE
	EndGlobalSection
	GlobalSection(ExtensibilityGlobals) = postSolution
		SolutionGuid = {DC7A1A6F-2342-45B5-A292-E130616BF72E}
	EndGlobalSection
EndGlobal
